
Microsoft Visual Studio Solution File, Format Version 12.00
# Visual Studio Version 17
VisualStudioVersion = 17.0.31912.275
MinimumVisualStudioVersion = 10.0.40219.1
Project("{FAE04EC0-301F-11D3-BF4B-00C04F79EFBC}") = "Web.Host", "server\Web.Host.csproj", "{A095E63F-D267-485C-8AE7-C68F9EC77CA7}"
EndProject
Project("{FAE04EC0-301F-11D3-BF4B-00C04F79EFBC}") = "Domain", "Domain\Domain.csproj", "{D68CF60F-C2AA-4384-880A-5669C688DFF8}"
EndProject
Global
	GlobalSection(SolutionConfigurationPlatforms) = preSolution
		Debug|Any CPU = Debug|Any CPU
		Release|Any CPU = Release|Any CPU
	EndGlobalSection
	GlobalSection(ProjectConfigurationPlatforms) = postSolution
		{A095E63F-D267-485C-8AE7-C68F9EC77CA7}.Debug|Any CPU.ActiveCfg = Debug|Any CPU
		{A095E63F-D267-485C-8AE7-C68F9EC77CA7}.Debug|Any CPU.Build.0 = Debug|Any CPU
		{A095E63F-D267-485C-8AE7-C68F9EC77CA7}.Release|Any CPU.ActiveCfg = Release|Any CPU
		{A095E63F-D267-485C-8AE7-C68F9EC77CA7}.Release|Any CPU.Build.0 = Release|Any CPU
		{D68CF60F-C2AA-4384-880A-5669C688DFF8}.Debug|Any CPU.ActiveCfg = Debug|Any CPU
		{D68CF60F-C2AA-4384-880A-5669C688DFF8}.Debug|Any CPU.Build.0 = Debug|Any CPU
		{D68CF60F-C2AA-4384-880A-5669C688DFF8}.Release|Any CPU.ActiveCfg = Release|Any CPU
		{D68CF60F-C2AA-4384-880A-5669C688DFF8}.Release|Any CPU.Build.0 = Release|Any CPU
	EndGlobalSection
	GlobalSection(SolutionProperties) = preSolution
		HideSolutionNode = FALSE
	EndGlobalSection
	GlobalSection(ExtensibilityGlobals) = postSolution
		SolutionGuid = {49EACD77-0A71-4915-8249-F05DA329F62A}
	EndGlobalSection
EndGlobal
